
Microsoft Visual Studio Solution File, Format Version 12.00
# Visual Studio 15
VisualStudioVersion = 15.0.27004.2005
MinimumVisualStudioVersion = 10.0.40219.1
Project("{FAE04EC0-301F-11D3-BF4B-00C04F79EFBC}") = "GameRater", "GameRater\GameRater.csproj", "{3A33A48A-9E43-4177-BEE4-11CAB176FC6B}"
EndProject
Project("{FAE04EC0-301F-11D3-BF4B-00C04F79EFBC}") = "GameRater.Tests", "GameRater.Tests\GameRater.Tests.csproj", "{313D626B-3EF7-4B81-9E83-BFA6143F0C5D}"
EndProject
Global
	GlobalSection(SolutionConfigurationPlatforms) = preSolution
		Debug|Any CPU = Debug|Any CPU
		Release|Any CPU = Release|Any CPU
	EndGlobalSection
	GlobalSection(ProjectConfigurationPlatforms) = postSolution
		{3A33A48A-9E43-4177-BEE4-11CAB176FC6B}.Debug|Any CPU.ActiveCfg = Debug|Any CPU
		{3A33A48A-9E43-4177-BEE4-11CAB176FC6B}.Debug|Any CPU.Build.0 = Debug|Any CPU
		{3A33A48A-9E43-4177-BEE4-11CAB176FC6B}.Release|Any CPU.ActiveCfg = Release|Any CPU
		{3A33A48A-9E43-4177-BEE4-11CAB176FC6B}.Release|Any CPU.Build.0 = Release|Any CPU
		{313D626B-3EF7-4B81-9E83-BFA6143F0C5D}.Debug|Any CPU.ActiveCfg = Debug|Any CPU
		{313D626B-3EF7-4B81-9E83-BFA6143F0C5D}.Debug|Any CPU.Build.0 = Debug|Any CPU
		{313D626B-3EF7-4B81-9E83-BFA6143F0C5D}.Release|Any CPU.ActiveCfg = Release|Any CPU
		{313D626B-3EF7-4B81-9E83-BFA6143F0C5D}.Release|Any CPU.Build.0 = Release|Any CPU
	EndGlobalSection
	GlobalSection(SolutionProperties) = preSolution
		HideSolutionNode = FALSE
	EndGlobalSection
	GlobalSection(ExtensibilityGlobals) = postSolution
		SolutionGuid = {84747F68-30FA-452A-A190-DAE7A39682D2}
	EndGlobalSection
EndGlobal
